
Microsoft Visual Studio Solution File, Format Version 12.00
# Visual Studio Version 16
VisualStudioVersion = 16.0.28721.148
MinimumVisualStudioVersion = 15.0.26124.0
Project("{2150E333-8FDC-42A3-9474-1A3956D46DE8}") = "API", "API", "{1EE84370-A31C-11E8-8D3A-07057A10FF63}"
EndProject
Project("{9A19103F-16F7-4668-BE54-9A1E7A4F7556}") = "BizOS.Application", "BizOS.Application\BizOS.Application.csproj", "{CDD023C1-FBA6-4022-8544-24D1D3664F14}"
	ProjectSection(ProjectDependencies) = postProject
		{44ACB049-9B7C-43E7-9164-B05F9FBB4C4D} = {44ACB049-9B7C-43E7-9164-B05F9FBB4C4D}
		{D77E3EA3-2DB2-4C62-B446-9DF2150E896A} = {D77E3EA3-2DB2-4C62-B446-9DF2150E896A}
	EndProjectSection
EndProject
Project("{2150E333-8FDC-42A3-9474-1A3956D46DE8}") = "BizOS.Application", "BizOS.Application", "{7F5CCC80-A31C-11E8-8D3A-07057A10FF63}"
EndProject
Project("{2150E333-8FDC-42A3-9474-1A3956D46DE8}") = "BL", "BL", "{B064FBE0-A31C-11E8-8D3A-07057A10FF63}"
EndProject
Project("{2150E333-8FDC-42A3-9474-1A3956D46DE8}") = "Repository", "Repository", "{B7975480-A31C-11E8-8D3A-07057A10FF63}"
EndProject
Project("{2150E333-8FDC-42A3-9474-1A3956D46DE8}") = "Utils", "Utils", "{D4222760-A31C-11E8-8D3A-07057A10FF63}"
EndProject
Project("{2150E333-8FDC-42A3-9474-1A3956D46DE8}") = "Contracts", "Contracts", "{DE1C2B80-A31C-11E8-8D3A-07057A10FF63}"
EndProject
Project("{2150E333-8FDC-42A3-9474-1A3956D46DE8}") = "QueryProvider", "QueryProvider", "{EFED53C0-A31C-11E8-8D3A-07057A10FF63}"
EndProject
Project("{9A19103F-16F7-4668-BE54-9A1E7A4F7556}") = "BizOS.Base.BL", "..\Common Libraries\Common\BL\BizOS.Base.BL\BizOS.Base.BL.csproj", "{59CC2917-3F23-46EE-8648-3270D8323758}"
	ProjectSection(ProjectDependencies) = postProject
		{44ACB049-9B7C-43E7-9164-B05F9FBB4C4D} = {44ACB049-9B7C-43E7-9164-B05F9FBB4C4D}
		{21439754-A07F-4261-B292-E69CD8B4B4A2} = {21439754-A07F-4261-B292-E69CD8B4B4A2}
	EndProjectSection
EndProject
Project("{9A19103F-16F7-4668-BE54-9A1E7A4F7556}") = "BizOS.Common.BL", "..\Common Libraries\Common\BL\BizOS.Common.BL\BizOS.Common.BL.csproj", "{B52C2A0B-95B9-44F8-A155-086E8945F3B7}"
EndProject
Project("{9A19103F-16F7-4668-BE54-9A1E7A4F7556}") = "BizOS.Common.Repository", "..\Common Libraries\Common\Repositories\BizOS.Common.Repository\BizOS.Common.Repository.csproj", "{59CC6DA0-12D8-490B-B072-337EF991EE86}"
EndProject
Project("{9A19103F-16F7-4668-BE54-9A1E7A4F7556}") = "BizOS.Common", "..\Common Libraries\Common\Utils\BizOS.Common\BizOS.Common.csproj", "{761CA5FD-A333-43F2-A855-AC0B4C28A714}"
EndProject
Project("{9A19103F-16F7-4668-BE54-9A1E7A4F7556}") = "BizOS.Base.Contracts", "..\Common Libraries\Contracts\BizOS.Base.Contracts\BizOS.Base.Contracts.csproj", "{32487119-351E-42AC-A2B7-25503A1CD4FC}"
EndProject
Project("{9A19103F-16F7-4668-BE54-9A1E7A4F7556}") = "BizOS.Common.Contracts", "..\Common Libraries\Contracts\BizOS.Common.Contracts\BizOS.Common.Contracts.csproj", "{21439754-A07F-4261-B292-E69CD8B4B4A2}"
EndProject
Project("{9A19103F-16F7-4668-BE54-9A1E7A4F7556}") = "QueryProvider.SqlServer", "..\Common Libraries\QueryProvider\SqlServer\QueryProvider.SqlServer.csproj", "{DC4D4B18-727E-4B05-A644-393D01606C86}"
EndProject
Project("{2150E333-8FDC-42A3-9474-1A3956D46DE8}") = "Accounts", "Accounts", "{DACA30D8-F1F2-4579-823A-150FA0D03C76}"
EndProject
Project("{9A19103F-16F7-4668-BE54-9A1E7A4F7556}") = "Accounts.Base.BL", "..\Accounts\Accounts.Base.BL\Accounts.Base.BL.csproj", "{2357CE3C-4579-4B43-A42D-3D0724593F3A}"
EndProject
Project("{9A19103F-16F7-4668-BE54-9A1E7A4F7556}") = "Accounts.Base.Contracts", "..\Accounts\Accounts.Base.Contracts\Accounts.Base.Contracts.csproj", "{D77E3EA3-2DB2-4C62-B446-9DF2150E896A}"
	ProjectSection(ProjectDependencies) = postProject
		{32487119-351E-42AC-A2B7-25503A1CD4FC} = {32487119-351E-42AC-A2B7-25503A1CD4FC}
		{44ACB049-9B7C-43E7-9164-B05F9FBB4C4D} = {44ACB049-9B7C-43E7-9164-B05F9FBB4C4D}
		{21439754-A07F-4261-B292-E69CD8B4B4A2} = {21439754-A07F-4261-B292-E69CD8B4B4A2}
	EndProjectSection
EndProject
Project("{9A19103F-16F7-4668-BE54-9A1E7A4F7556}") = "Accounts.Base.Repository", "..\Accounts\Accounts.Base.Repository\Accounts.Base.Repository.csproj", "{3AF00342-9938-4110-8EDA-29178CFA4A0A}"
	ProjectSection(ProjectDependencies) = postProject
		{32487119-351E-42AC-A2B7-25503A1CD4FC} = {32487119-351E-42AC-A2B7-25503A1CD4FC}
		{44ACB049-9B7C-43E7-9164-B05F9FBB4C4D} = {44ACB049-9B7C-43E7-9164-B05F9FBB4C4D}
		{21439754-A07F-4261-B292-E69CD8B4B4A2} = {21439754-A07F-4261-B292-E69CD8B4B4A2}
	EndProjectSection
EndProject
Project("{9A19103F-16F7-4668-BE54-9A1E7A4F7556}") = "QueryProvider.Contracts", "..\Common Libraries\QueryProvider\QueryProvider.Contracts\QueryProvider.Contracts.csproj", "{44ACB049-9B7C-43E7-9164-B05F9FBB4C4D}"
EndProject
Project("{9A19103F-16F7-4668-BE54-9A1E7A4F7556}") = "Accounts.Base.BL.UT", "..\Accounts\Accounts.Base.BL.UT\Accounts.Base.BL.UT.csproj", "{5520774F-D357-4179-87DE-385A09A12C36}"
EndProject
Global
	GlobalSection(SolutionConfigurationPlatforms) = preSolution
		Debug|Any CPU = Debug|Any CPU
		Debug|x64 = Debug|x64
		Debug|x86 = Debug|x86
		Release|Any CPU = Release|Any CPU
		Release|x64 = Release|x64
		Release|x86 = Release|x86
	EndGlobalSection
	GlobalSection(ProjectConfigurationPlatforms) = postSolution
		{CDD023C1-FBA6-4022-8544-24D1D3664F14}.Debug|Any CPU.ActiveCfg = Debug|Any CPU
		{CDD023C1-FBA6-4022-8544-24D1D3664F14}.Debug|Any CPU.Build.0 = Debug|Any CPU
		{CDD023C1-FBA6-4022-8544-24D1D3664F14}.Debug|x64.ActiveCfg = Debug|Any CPU
		{CDD023C1-FBA6-4022-8544-24D1D3664F14}.Debug|x64.Build.0 = Debug|Any CPU
		{CDD023C1-FBA6-4022-8544-24D1D3664F14}.Debug|x86.ActiveCfg = Debug|Any CPU
		{CDD023C1-FBA6-4022-8544-24D1D3664F14}.Debug|x86.Build.0 = Debug|Any CPU
		{CDD023C1-FBA6-4022-8544-24D1D3664F14}.Release|Any CPU.ActiveCfg = Release|Any CPU
		{CDD023C1-FBA6-4022-8544-24D1D3664F14}.Release|Any CPU.Build.0 = Release|Any CPU
		{CDD023C1-FBA6-4022-8544-24D1D3664F14}.Release|x64.ActiveCfg = Release|Any CPU
		{CDD023C1-FBA6-4022-8544-24D1D3664F14}.Release|x64.Build.0 = Release|Any CPU
		{CDD023C1-FBA6-4022-8544-24D1D3664F14}.Release|x86.ActiveCfg = Release|Any CPU
		{CDD023C1-FBA6-4022-8544-24D1D3664F14}.Release|x86.Build.0 = Release|Any CPU
		{59CC2917-3F23-46EE-8648-3270D8323758}.Debug|Any CPU.ActiveCfg = Debug|Any CPU
		{59CC2917-3F23-46EE-8648-3270D8323758}.Debug|Any CPU.Build.0 = Debug|Any CPU
		{59CC2917-3F23-46EE-8648-3270D8323758}.Debug|x64.ActiveCfg = Debug|Any CPU
		{59CC2917-3F23-46EE-8648-3270D8323758}.Debug|x64.Build.0 = Debug|Any CPU
		{59CC2917-3F23-46EE-8648-3270D8323758}.Debug|x86.ActiveCfg = Debug|Any CPU
		{59CC2917-3F23-46EE-8648-3270D8323758}.Debug|x86.Build.0 = Debug|Any CPU
		{59CC2917-3F23-46EE-8648-3270D8323758}.Release|Any CPU.ActiveCfg = Release|Any CPU
		{59CC2917-3F23-46EE-8648-3270D8323758}.Release|Any CPU.Build.0 = Release|Any CPU
		{59CC2917-3F23-46EE-8648-3270D8323758}.Release|x64.ActiveCfg = Release|Any CPU
		{59CC2917-3F23-46EE-8648-3270D8323758}.Release|x64.Build.0 = Release|Any CPU
		{59CC2917-3F23-46EE-8648-3270D8323758}.Release|x86.ActiveCfg = Release|Any CPU
		{59CC2917-3F23-46EE-8648-3270D8323758}.Release|x86.Build.0 = Release|Any CPU
		{B52C2A0B-95B9-44F8-A155-086E8945F3B7}.Debug|Any CPU.ActiveCfg = Debug|Any CPU
		{B52C2A0B-95B9-44F8-A155-086E8945F3B7}.Debug|Any CPU.Build.0 = Debug|Any CPU
		{B52C2A0B-95B9-44F8-A155-086E8945F3B7}.Debug|x64.ActiveCfg = Debug|Any CPU
		{B52C2A0B-95B9-44F8-A155-086E8945F3B7}.Debug|x64.Build.0 = Debug|Any CPU
		{B52C2A0B-95B9-44F8-A155-086E8945F3B7}.Debug|x86.ActiveCfg = Debug|Any CPU
		{B52C2A0B-95B9-44F8-A155-086E8945F3B7}.Debug|x86.Build.0 = Debug|Any CPU
		{B52C2A0B-95B9-44F8-A155-086E8945F3B7}.Release|Any CPU.ActiveCfg = Release|Any CPU
		{B52C2A0B-95B9-44F8-A155-086E8945F3B7}.Release|Any CPU.Build.0 = Release|Any CPU
		{B52C2A0B-95B9-44F8-A155-086E8945F3B7}.Release|x64.ActiveCfg = Release|Any CPU
		{B52C2A0B-95B9-44F8-A155-086E8945F3B7}.Release|x64.Build.0 = Release|Any CPU
		{B52C2A0B-95B9-44F8-A155-086E8945F3B7}.Release|x86.ActiveCfg = Release|Any CPU
		{B52C2A0B-95B9-44F8-A155-086E8945F3B7}.Release|x86.Build.0 = Release|Any CPU
		{59CC6DA0-12D8-490B-B072-337EF991EE86}.Debug|Any CPU.ActiveCfg = Debug|Any CPU
		{59CC6DA0-12D8-490B-B072-337EF991EE86}.Debug|Any CPU.Build.0 = Debug|Any CPU
		{59CC6DA0-12D8-490B-B072-337EF991EE86}.Debug|x64.ActiveCfg = Debug|Any CPU
		{59CC6DA0-12D8-490B-B072-337EF991EE86}.Debug|x64.Build.0 = Debug|Any CPU
		{59CC6DA0-12D8-490B-B072-337EF991EE86}.Debug|x86.ActiveCfg = Debug|Any CPU
		{59CC6DA0-12D8-490B-B072-337EF991EE86}.Debug|x86.Build.0 = Debug|Any CPU
		{59CC6DA0-12D8-490B-B072-337EF991EE86}.Release|Any CPU.ActiveCfg = Release|Any CPU
		{59CC6DA0-12D8-490B-B072-337EF991EE86}.Release|Any CPU.Build.0 = Release|Any CPU
		{59CC6DA0-12D8-490B-B072-337EF991EE86}.Release|x64.ActiveCfg = Release|Any CPU
		{59CC6DA0-12D8-490B-B072-337EF991EE86}.Release|x64.Build.0 = Release|Any CPU
		{59CC6DA0-12D8-490B-B072-337EF991EE86}.Release|x86.ActiveCfg = Release|Any CPU
		{59CC6DA0-12D8-490B-B072-337EF991EE86}.Release|x86.Build.0 = Release|Any CPU
		{761CA5FD-A333-43F2-A855-AC0B4C28A714}.Debug|Any CPU.ActiveCfg = Debug|Any CPU
		{761CA5FD-A333-43F2-A855-AC0B4C28A714}.Debug|Any CPU.Build.0 = Debug|Any CPU
		{761CA5FD-A333-43F2-A855-AC0B4C28A714}.Debug|x64.ActiveCfg = Debug|Any CPU
		{761CA5FD-A333-43F2-A855-AC0B4C28A714}.Debug|x64.Build.0 = Debug|Any CPU
		{761CA5FD-A333-43F2-A855-AC0B4C28A714}.Debug|x86.ActiveCfg = Debug|Any CPU
		{761CA5FD-A333-43F2-A855-AC0B4C28A714}.Debug|x86.Build.0 = Debug|Any CPU
		{761CA5FD-A333-43F2-A855-AC0B4C28A714}.Release|Any CPU.ActiveCfg = Release|Any CPU
		{761CA5FD-A333-43F2-A855-AC0B4C28A714}.Release|Any CPU.Build.0 = Release|Any CPU
		{761CA5FD-A333-43F2-A855-AC0B4C28A714}.Release|x64.ActiveCfg = Release|Any CPU
		{761CA5FD-A333-43F2-A855-AC0B4C28A714}.Release|x64.Build.0 = Release|Any CPU
		{761CA5FD-A333-43F2-A855-AC0B4C28A714}.Release|x86.ActiveCfg = Release|Any CPU
		{761CA5FD-A333-43F2-A855-AC0B4C28A714}.Release|x86.Build.0 = Release|Any CPU
		{32487119-351E-42AC-A2B7-25503A1CD4FC}.Debug|Any CPU.ActiveCfg = Debug|Any CPU
		{32487119-351E-42AC-A2B7-25503A1CD4FC}.Debug|Any CPU.Build.0 = Debug|Any CPU
		{32487119-351E-42AC-A2B7-25503A1CD4FC}.Debug|x64.ActiveCfg = Debug|Any CPU
		{32487119-351E-42AC-A2B7-25503A1CD4FC}.Debug|x64.Build.0 = Debug|Any CPU
		{32487119-351E-42AC-A2B7-25503A1CD4FC}.Debug|x86.ActiveCfg = Debug|Any CPU
		{32487119-351E-42AC-A2B7-25503A1CD4FC}.Debug|x86.Build.0 = Debug|Any CPU
		{32487119-351E-42AC-A2B7-25503A1CD4FC}.Release|Any CPU.ActiveCfg = Release|Any CPU
		{32487119-351E-42AC-A2B7-25503A1CD4FC}.Release|Any CPU.Build.0 = Release|Any CPU
		{32487119-351E-42AC-A2B7-25503A1CD4FC}.Release|x64.ActiveCfg = Release|Any CPU
		{32487119-351E-42AC-A2B7-25503A1CD4FC}.Release|x64.Build.0 = Release|Any CPU
		{32487119-351E-42AC-A2B7-25503A1CD4FC}.Release|x86.ActiveCfg = Release|Any CPU
		{32487119-351E-42AC-A2B7-25503A1CD4FC}.Release|x86.Build.0 = Release|Any CPU
		{21439754-A07F-4261-B292-E69CD8B4B4A2}.Debug|Any CPU.ActiveCfg = Debug|Any CPU
		{21439754-A07F-4261-B292-E69CD8B4B4A2}.Debug|Any CPU.Build.0 = Debug|Any CPU
		{21439754-A07F-4261-B292-E69CD8B4B4A2}.Debug|x64.ActiveCfg = Debug|Any CPU
		{21439754-A07F-4261-B292-E69CD8B4B4A2}.Debug|x64.Build.0 = Debug|Any CPU
		{21439754-A07F-4261-B292-E69CD8B4B4A2}.Debug|x86.ActiveCfg = Debug|Any CPU
		{21439754-A07F-4261-B292-E69CD8B4B4A2}.Debug|x86.Build.0 = Debug|Any CPU
		{21439754-A07F-4261-B292-E69CD8B4B4A2}.Release|Any CPU.ActiveCfg = Release|Any CPU
		{21439754-A07F-4261-B292-E69CD8B4B4A2}.Release|Any CPU.Build.0 = Release|Any CPU
		{21439754-A07F-4261-B292-E69CD8B4B4A2}.Release|x64.ActiveCfg = Release|Any CPU
		{21439754-A07F-4261-B292-E69CD8B4B4A2}.Release|x64.Build.0 = Release|Any CPU
		{21439754-A07F-4261-B292-E69CD8B4B4A2}.Release|x86.ActiveCfg = Release|Any CPU
		{21439754-A07F-4261-B292-E69CD8B4B4A2}.Release|x86.Build.0 = Release|Any CPU
		{DC4D4B18-727E-4B05-A644-393D01606C86}.Debug|Any CPU.ActiveCfg = Debug|Any CPU
		{DC4D4B18-727E-4B05-A644-393D01606C86}.Debug|Any CPU.Build.0 = Debug|Any CPU
		{DC4D4B18-727E-4B05-A644-393D01606C86}.Debug|x64.ActiveCfg = Debug|Any CPU
		{DC4D4B18-727E-4B05-A644-393D01606C86}.Debug|x64.Build.0 = Debug|Any CPU
		{DC4D4B18-727E-4B05-A644-393D01606C86}.Debug|x86.ActiveCfg = Debug|Any CPU
		{DC4D4B18-727E-4B05-A644-393D01606C86}.Debug|x86.Build.0 = Debug|Any CPU
		{DC4D4B18-727E-4B05-A644-393D01606C86}.Release|Any CPU.ActiveCfg = Release|Any CPU
		{DC4D4B18-727E-4B05-A644-393D01606C86}.Release|Any CPU.Build.0 = Release|Any CPU
		{DC4D4B18-727E-4B05-A644-393D01606C86}.Release|x64.ActiveCfg = Release|Any CPU
		{DC4D4B18-727E-4B05-A644-393D01606C86}.Release|x64.Build.0 = Release|Any CPU
		{DC4D4B18-727E-4B05-A644-393D01606C86}.Release|x86.ActiveCfg = Release|Any CPU
		{DC4D4B18-727E-4B05-A644-393D01606C86}.Release|x86.Build.0 = Release|Any CPU
		{2357CE3C-4579-4B43-A42D-3D0724593F3A}.Debug|Any CPU.ActiveCfg = Debug|Any CPU
		{2357CE3C-4579-4B43-A42D-3D0724593F3A}.Debug|Any CPU.Build.0 = Debug|Any CPU
		{2357CE3C-4579-4B43-A42D-3D0724593F3A}.Debug|x64.ActiveCfg = Debug|Any CPU
		{2357CE3C-4579-4B43-A42D-3D0724593F3A}.Debug|x64.Build.0 = Debug|Any CPU
		{2357CE3C-4579-4B43-A42D-3D0724593F3A}.Debug|x86.ActiveCfg = Debug|Any CPU
		{2357CE3C-4579-4B43-A42D-3D0724593F3A}.Debug|x86.Build.0 = Debug|Any CPU
		{2357CE3C-4579-4B43-A42D-3D0724593F3A}.Release|Any CPU.ActiveCfg = Release|Any CPU
		{2357CE3C-4579-4B43-A42D-3D0724593F3A}.Release|Any CPU.Build.0 = Release|Any CPU
		{2357CE3C-4579-4B43-A42D-3D0724593F3A}.Release|x64.ActiveCfg = Release|Any CPU
		{2357CE3C-4579-4B43-A42D-3D0724593F3A}.Release|x64.Build.0 = Release|Any CPU
		{2357CE3C-4579-4B43-A42D-3D0724593F3A}.Release|x86.ActiveCfg = Release|Any CPU
		{2357CE3C-4579-4B43-A42D-3D0724593F3A}.Release|x86.Build.0 = Release|Any CPU
		{D77E3EA3-2DB2-4C62-B446-9DF2150E896A}.Debug|Any CPU.ActiveCfg = Debug|Any CPU
		{D77E3EA3-2DB2-4C62-B446-9DF2150E896A}.Debug|Any CPU.Build.0 = Debug|Any CPU
		{D77E3EA3-2DB2-4C62-B446-9DF2150E896A}.Debug|x64.ActiveCfg = Debug|Any CPU
		{D77E3EA3-2DB2-4C62-B446-9DF2150E896A}.Debug|x64.Build.0 = Debug|Any CPU
		{D77E3EA3-2DB2-4C62-B446-9DF2150E896A}.Debug|x86.ActiveCfg = Debug|Any CPU
		{D77E3EA3-2DB2-4C62-B446-9DF2150E896A}.Debug|x86.Build.0 = Debug|Any CPU
		{D77E3EA3-2DB2-4C62-B446-9DF2150E896A}.Release|Any CPU.ActiveCfg = Release|Any CPU
		{D77E3EA3-2DB2-4C62-B446-9DF2150E896A}.Release|Any CPU.Build.0 = Release|Any CPU
		{D77E3EA3-2DB2-4C62-B446-9DF2150E896A}.Release|x64.ActiveCfg = Release|Any CPU
		{D77E3EA3-2DB2-4C62-B446-9DF2150E896A}.Release|x64.Build.0 = Release|Any CPU
		{D77E3EA3-2DB2-4C62-B446-9DF2150E896A}.Release|x86.ActiveCfg = Release|Any CPU
		{D77E3EA3-2DB2-4C62-B446-9DF2150E896A}.Release|x86.Build.0 = Release|Any CPU
		{3AF00342-9938-4110-8EDA-29178CFA4A0A}.Debug|Any CPU.ActiveCfg = Debug|Any CPU
		{3AF00342-9938-4110-8EDA-29178CFA4A0A}.Debug|Any CPU.Build.0 = Debug|Any CPU
		{3AF00342-9938-4110-8EDA-29178CFA4A0A}.Debug|x64.ActiveCfg = Debug|Any CPU
		{3AF00342-9938-4110-8EDA-29178CFA4A0A}.Debug|x64.Build.0 = Debug|Any CPU
		{3AF00342-9938-4110-8EDA-29178CFA4A0A}.Debug|x86.ActiveCfg = Debug|Any CPU
		{3AF00342-9938-4110-8EDA-29178CFA4A0A}.Debug|x86.Build.0 = Debug|Any CPU
		{3AF00342-9938-4110-8EDA-29178CFA4A0A}.Release|Any CPU.ActiveCfg = Release|Any CPU
		{3AF00342-9938-4110-8EDA-29178CFA4A0A}.Release|Any CPU.Build.0 = Release|Any CPU
		{3AF00342-9938-4110-8EDA-29178CFA4A0A}.Release|x64.ActiveCfg = Release|Any CPU
		{3AF00342-9938-4110-8EDA-29178CFA4A0A}.Release|x64.Build.0 = Release|Any CPU
		{3AF00342-9938-4110-8EDA-29178CFA4A0A}.Release|x86.ActiveCfg = Release|Any CPU
		{3AF00342-9938-4110-8EDA-29178CFA4A0A}.Release|x86.Build.0 = Release|Any CPU
		{44ACB049-9B7C-43E7-9164-B05F9FBB4C4D}.Debug|Any CPU.ActiveCfg = Debug|Any CPU
		{44ACB049-9B7C-43E7-9164-B05F9FBB4C4D}.Debug|Any CPU.Build.0 = Debug|Any CPU
		{44ACB049-9B7C-43E7-9164-B05F9FBB4C4D}.Debug|x64.ActiveCfg = Debug|Any CPU
		{44ACB049-9B7C-43E7-9164-B05F9FBB4C4D}.Debug|x64.Build.0 = Debug|Any CPU
		{44ACB049-9B7C-43E7-9164-B05F9FBB4C4D}.Debug|x86.ActiveCfg = Debug|Any CPU
		{44ACB049-9B7C-43E7-9164-B05F9FBB4C4D}.Debug|x86.Build.0 = Debug|Any CPU
		{44ACB049-9B7C-43E7-9164-B05F9FBB4C4D}.Release|Any CPU.ActiveCfg = Release|Any CPU
		{44ACB049-9B7C-43E7-9164-B05F9FBB4C4D}.Release|Any CPU.Build.0 = Release|Any CPU
		{44ACB049-9B7C-43E7-9164-B05F9FBB4C4D}.Release|x64.ActiveCfg = Release|Any CPU
		{44ACB049-9B7C-43E7-9164-B05F9FBB4C4D}.Release|x64.Build.0 = Release|Any CPU
		{44ACB049-9B7C-43E7-9164-B05F9FBB4C4D}.Release|x86.ActiveCfg = Release|Any CPU
		{44ACB049-9B7C-43E7-9164-B05F9FBB4C4D}.Release|x86.Build.0 = Release|Any CPU
		{5520774F-D357-4179-87DE-385A09A12C36}.Debug|Any CPU.ActiveCfg = Debug|Any CPU
		{5520774F-D357-4179-87DE-385A09A12C36}.Debug|Any CPU.Build.0 = Debug|Any CPU
		{5520774F-D357-4179-87DE-385A09A12C36}.Debug|x64.ActiveCfg = Debug|Any CPU
		{5520774F-D357-4179-87DE-385A09A12C36}.Debug|x64.Build.0 = Debug|Any CPU
		{5520774F-D357-4179-87DE-385A09A12C36}.Debug|x86.ActiveCfg = Debug|Any CPU
		{5520774F-D357-4179-87DE-385A09A12C36}.Debug|x86.Build.0 = Debug|Any CPU
		{5520774F-D357-4179-87DE-385A09A12C36}.Release|Any CPU.ActiveCfg = Release|Any CPU
		{5520774F-D357-4179-87DE-385A09A12C36}.Release|Any CPU.Build.0 = Release|Any CPU
		{5520774F-D357-4179-87DE-385A09A12C36}.Release|x64.ActiveCfg = Release|Any CPU
		{5520774F-D357-4179-87DE-385A09A12C36}.Release|x64.Build.0 = Release|Any CPU
		{5520774F-D357-4179-87DE-385A09A12C36}.Release|x86.ActiveCfg = Release|Any CPU
		{5520774F-D357-4179-87DE-385A09A12C36}.Release|x86.Build.0 = Release|Any CPU
	EndGlobalSection
	GlobalSection(SolutionProperties) = preSolution
		HideSolutionNode = FALSE
	EndGlobalSection
	GlobalSection(NestedProjects) = preSolution
		{CDD023C1-FBA6-4022-8544-24D1D3664F14} = {7F5CCC80-A31C-11E8-8D3A-07057A10FF63}
		{7F5CCC80-A31C-11E8-8D3A-07057A10FF63} = {1EE84370-A31C-11E8-8D3A-07057A10FF63}
		{59CC2917-3F23-46EE-8648-3270D8323758} = {B064FBE0-A31C-11E8-8D3A-07057A10FF63}
		{B52C2A0B-95B9-44F8-A155-086E8945F3B7} = {B064FBE0-A31C-11E8-8D3A-07057A10FF63}
		{59CC6DA0-12D8-490B-B072-337EF991EE86} = {B7975480-A31C-11E8-8D3A-07057A10FF63}
		{761CA5FD-A333-43F2-A855-AC0B4C28A714} = {D4222760-A31C-11E8-8D3A-07057A10FF63}
		{32487119-351E-42AC-A2B7-25503A1CD4FC} = {DE1C2B80-A31C-11E8-8D3A-07057A10FF63}
		{21439754-A07F-4261-B292-E69CD8B4B4A2} = {DE1C2B80-A31C-11E8-8D3A-07057A10FF63}
		{DC4D4B18-727E-4B05-A644-393D01606C86} = {EFED53C0-A31C-11E8-8D3A-07057A10FF63}
		{2357CE3C-4579-4B43-A42D-3D0724593F3A} = {DACA30D8-F1F2-4579-823A-150FA0D03C76}
		{D77E3EA3-2DB2-4C62-B446-9DF2150E896A} = {DACA30D8-F1F2-4579-823A-150FA0D03C76}
		{3AF00342-9938-4110-8EDA-29178CFA4A0A} = {DACA30D8-F1F2-4579-823A-150FA0D03C76}
		{44ACB049-9B7C-43E7-9164-B05F9FBB4C4D} = {DE1C2B80-A31C-11E8-8D3A-07057A10FF63}
		{5520774F-D357-4179-87DE-385A09A12C36} = {DACA30D8-F1F2-4579-823A-150FA0D03C76}
	EndGlobalSection
	GlobalSection(ExtensibilityGlobals) = postSolution
		SolutionGuid = {E0BFEC11-67C1-4E1D-AF7D-2855CD9ABCA8}
	EndGlobalSection
EndGlobal
